
Microsoft Visual Studio Solution File, Format Version 12.00
# Visual Studio Version 16
VisualStudioVersion = 16.0.28803.156
MinimumVisualStudioVersion = 10.0.40219.1
Project("{FAE04EC0-301F-11D3-BF4B-00C04F79EFBC}") = "QoS", "QoS\QoS.csproj", "{7C5D0023-5880-4B16-89AB-3169E23D571E}"
EndProject
Global
	GlobalSection(SolutionConfigurationPlatforms) = preSolution
		Debug|Any CPU = Debug|Any CPU
		Release|Any CPU = Release|Any CPU
	EndGlobalSection
	GlobalSection(ProjectConfigurationPlatforms) = postSolution
		{7C5D0023-5880-4B16-89AB-3169E23D571E}.Debug|Any CPU.ActiveCfg = Debug|Any CPU
		{7C5D0023-5880-4B16-89AB-3169E23D571E}.Debug|Any CPU.Build.0 = Debug|Any CPU
		{7C5D0023-5880-4B16-89AB-3169E23D571E}.Release|Any CPU.ActiveCfg = Release|Any CPU
		{7C5D0023-5880-4B16-89AB-3169E23D571E}.Release|Any CPU.Build.0 = Release|Any CPU
	EndGlobalSection
	GlobalSection(SolutionProperties) = preSolution
		HideSolutionNode = FALSE
	EndGlobalSection
	GlobalSection(ExtensibilityGlobals) = postSolution
		SolutionGuid = {06784534-280D-49FE-BFEF-FC0ECBBBB0DF}
	EndGlobalSection
EndGlobal
